
Microsoft Visual Studio Solution File, Format Version 12.00
# Visual Studio 15
VisualStudioVersion = 15.0.27428.2005
MinimumVisualStudioVersion = 10.0.40219.1
Project("{8BC9CEB8-8B4A-11D0-8D11-00A0C91BC942}") = "Practice", "Practice\Practice.vcxproj", "{85EAE03A-E8E8-49D0-82C3-DB9EF25F3415}"
EndProject
Global
	GlobalSection(SolutionConfigurationPlatforms) = preSolution
		Debug|x64 = Debug|x64
		Debug|x86 = Debug|x86
		Release|x64 = Release|x64
		Release|x86 = Release|x86
	EndGlobalSection
	GlobalSection(ProjectConfigurationPlatforms) = postSolution
		{85EAE03A-E8E8-49D0-82C3-DB9EF25F3415}.Debug|x64.ActiveCfg = Debug|x64
		{85EAE03A-E8E8-49D0-82C3-DB9EF25F3415}.Debug|x64.Build.0 = Debug|x64
		{85EAE03A-E8E8-49D0-82C3-DB9EF25F3415}.Debug|x86.ActiveCfg = Debug|Win32
		{85EAE03A-E8E8-49D0-82C3-DB9EF25F3415}.Debug|x86.Build.0 = Debug|Win32
		{85EAE03A-E8E8-49D0-82C3-DB9EF25F3415}.Release|x64.ActiveCfg = Release|x64
		{85EAE03A-E8E8-49D0-82C3-DB9EF25F3415}.Release|x64.Build.0 = Release|x64
		{85EAE03A-E8E8-49D0-82C3-DB9EF25F3415}.Release|x86.ActiveCfg = Release|Win32
		{85EAE03A-E8E8-49D0-82C3-DB9EF25F3415}.Release|x86.Build.0 = Release|Win32
	EndGlobalSection
	GlobalSection(SolutionProperties) = preSolution
		HideSolutionNode = FALSE
	EndGlobalSection
	GlobalSection(ExtensibilityGlobals) = postSolution
		SolutionGuid = {B47711BF-92ED-4163-88BD-9F78E8A9B39D}
	EndGlobalSection
EndGlobal
